
Microsoft Visual Studio Solution File, Format Version 12.00
# Visual Studio 15
VisualStudioVersion = 15.0.34112.143
MinimumVisualStudioVersion = 10.0.40219.1
Project("{FAE04EC0-301F-11D3-BF4B-00C04F79EFBC}") = "Web", "Web\Web.csproj", "{09D97FB4-E5D0-491F-A997-650A1E6E4F9B}"
EndProject
Project("{FAE04EC0-301F-11D3-BF4B-00C04F79EFBC}") = "Repositorio", "Repositorio1\Repositorio.csproj", "{0A1259D9-7629-4214-B90A-B762FC3A1305}"
EndProject
Project("{FAE04EC0-301F-11D3-BF4B-00C04F79EFBC}") = "Dominio", "Dominio1\Dominio.csproj", "{0E7F385B-202D-44A6-8F6A-9BAD285930D9}"
EndProject
Global
	GlobalSection(SolutionConfigurationPlatforms) = preSolution
		Debug|Any CPU = Debug|Any CPU
		Release|Any CPU = Release|Any CPU
	EndGlobalSection
	GlobalSection(ProjectConfigurationPlatforms) = postSolution
		{09D97FB4-E5D0-491F-A997-650A1E6E4F9B}.Debug|Any CPU.ActiveCfg = Debug|Any CPU
		{09D97FB4-E5D0-491F-A997-650A1E6E4F9B}.Debug|Any CPU.Build.0 = Debug|Any CPU
		{09D97FB4-E5D0-491F-A997-650A1E6E4F9B}.Release|Any CPU.ActiveCfg = Release|Any CPU
		{09D97FB4-E5D0-491F-A997-650A1E6E4F9B}.Release|Any CPU.Build.0 = Release|Any CPU
		{0A1259D9-7629-4214-B90A-B762FC3A1305}.Debug|Any CPU.ActiveCfg = Debug|Any CPU
		{0A1259D9-7629-4214-B90A-B762FC3A1305}.Debug|Any CPU.Build.0 = Debug|Any CPU
		{0A1259D9-7629-4214-B90A-B762FC3A1305}.Release|Any CPU.ActiveCfg = Release|Any CPU
		{0A1259D9-7629-4214-B90A-B762FC3A1305}.Release|Any CPU.Build.0 = Release|Any CPU
		{0E7F385B-202D-44A6-8F6A-9BAD285930D9}.Debug|Any CPU.ActiveCfg = Debug|Any CPU
		{0E7F385B-202D-44A6-8F6A-9BAD285930D9}.Debug|Any CPU.Build.0 = Debug|Any CPU
		{0E7F385B-202D-44A6-8F6A-9BAD285930D9}.Release|Any CPU.ActiveCfg = Release|Any CPU
		{0E7F385B-202D-44A6-8F6A-9BAD285930D9}.Release|Any CPU.Build.0 = Release|Any CPU
	EndGlobalSection
	GlobalSection(SolutionProperties) = preSolution
		HideSolutionNode = FALSE
	EndGlobalSection
	GlobalSection(ExtensibilityGlobals) = postSolution
		SolutionGuid = {7A0178C7-7942-440F-8FC7-B423911B0DF2}
	EndGlobalSection
EndGlobal
